github.com/golang-jwt/jwt v3.2.2+incompatible h1:IfV12K8xAKAnZqdXVzCZ+TOjboZ2keLg81eXfW3O+oY=
github.com/golang-jwt/jwt v3.2.2+incompatible/go.mod h1:8pz2t5EyA70fFQQSrl6XZXzqecmYZeUEB8OUGHkxJ+I=
github.com/storm8studios/appstoreconnect-openapi-go/generated v0.0.0-20230427212323-8c6f90b5bcc8 h1:HFM9k9vfMGUwWPX04TRZYYeYglqUQdpCjl+tSTmvh3Q=
github.com/storm8studios/appstoreconnect-openapi-go/generated v0.0.0-20230427212323-8c6f90b5bcc8/go.mod h1:Xs83PuYF71IeDzI21pdhe+smGarucoiHm0LV33B4Uzc=
